{
  "object": {
    "pins": [
      {
        "package": "KeychainAccess",
        "repositoryURL": "https://github.com/kishikawakatsumi/KeychainAccess",
        "state": {
          "branch": null,
          "revision": "b920ad7df3c73189dcdd4aa05c540849b2010dbf",
          "version": "4.1.0"
        }
      },
      {
        "package": "RouteComposer",
        "repositoryURL": "https://github.com/ekazaev/route-composer",
        "state": {
          "branch": "master",
          "revision": "6dfee694bd63f999e53b270c0299059dd9ad4a05",
          "version": null
        }
      },
      {
        "package": "SDWebImage",
        "repositoryURL": "https://github.com/SDWebImage/SDWebImage",
        "state": {
          "branch": null,
          "revision": "5b3909308fdf6c06bd8bdf39389620c91b9abca5",
          "version": "5.4.2"
        }
      },
      {
        "package": "Stevia",
        "repositoryURL": "https://github.com/freshOS/Stevia",
        "state": {
          "branch": null,
          "revision": "c3960ece284ded2a9a651870295a5527b919ee1f",
          "version": "4.8.0"
        }
      },
      {
        "package": "Overture",
        "repositoryURL": "https://github.com/pointfreeco/swift-overture",
        "state": {
          "branch": null,
          "revision": "7977acd7597f413717058acc1e080731249a1d7e",
          "version": "0.5.0"
        }
      }
    ]
  },
  "version": 1
}
